
Microsoft Visual Studio Solution File, Format Version 12.00
# Visual Studio Version 16
VisualStudioVersion = 16.0.31205.134
MinimumVisualStudioVersion = 10.0.40219.1
Project("{8BC9CEB8-8B4A-11D0-8D11-00A0C91BC942}") = "RIP_routing_protocol", "RIP_routing_protocol.vcxproj", "{409C065F-2BC2-4D5F-8EF0-7443B4B1F7D4}"
EndProject
Global
	GlobalSection(SolutionConfigurationPlatforms) = preSolution
		Debug|x64 = Debug|x64
		Debug|x86 = Debug|x86
		Release|x64 = Release|x64
		Release|x86 = Release|x86
	EndGlobalSection
	GlobalSection(ProjectConfigurationPlatforms) = postSolution
		{409C065F-2BC2-4D5F-8EF0-7443B4B1F7D4}.Debug|x64.ActiveCfg = Debug|x64
		{409C065F-2BC2-4D5F-8EF0-7443B4B1F7D4}.Debug|x64.Build.0 = Debug|x64
		{409C065F-2BC2-4D5F-8EF0-7443B4B1F7D4}.Debug|x86.ActiveCfg = Debug|Win32
		{409C065F-2BC2-4D5F-8EF0-7443B4B1F7D4}.Debug|x86.Build.0 = Debug|Win32
		{409C065F-2BC2-4D5F-8EF0-7443B4B1F7D4}.Release|x64.ActiveCfg = Release|x64
		{409C065F-2BC2-4D5F-8EF0-7443B4B1F7D4}.Release|x64.Build.0 = Release|x64
		{409C065F-2BC2-4D5F-8EF0-7443B4B1F7D4}.Release|x86.ActiveCfg = Release|Win32
		{409C065F-2BC2-4D5F-8EF0-7443B4B1F7D4}.Release|x86.Build.0 = Release|Win32
	EndGlobalSection
	GlobalSection(SolutionProperties) = preSolution
		HideSolutionNode = FALSE
	EndGlobalSection
	GlobalSection(ExtensibilityGlobals) = postSolution
		SolutionGuid = {8977A3D2-B3F8-48AB-9FAC-97BF1E79BEF6}
	EndGlobalSection
EndGlobal
